
Microsoft Visual Studio Solution File, Format Version 12.00
# Visual Studio Version 17
VisualStudioVersion = 17.14.36202.13
MinimumVisualStudioVersion = 10.0.40219.1
Project("{FAE04EC0-301F-11D3-BF4B-00C04F79EFBC}") = "EJERCICIO1", "EJERCICIO1\EJERCICIO1.csproj", "{FF9DB569-3F29-464C-A6FB-3D4E2E148FB7}"
EndProject
Project("{FAE04EC0-301F-11D3-BF4B-00C04F79EFBC}") = "EJERCICIO2", "EJERCICIO2\EJERCICIO2.csproj", "{08E529EC-956C-48AE-857C-B4A0BA86430E}"
EndProject
Project("{FAE04EC0-301F-11D3-BF4B-00C04F79EFBC}") = "EJERCICIO3", "EJERCICIO3\EJERCICIO3.csproj", "{398C9538-B421-4011-A997-800E8F317B17}"
EndProject
Project("{FAE04EC0-301F-11D3-BF4B-00C04F79EFBC}") = "EJERCICIO4", "EJERCICIO4\EJERCICIO4.csproj", "{21ED44D6-CDA5-4F48-9AE7-E4ABDC96865B}"
EndProject
Project("{FAE04EC0-301F-11D3-BF4B-00C04F79EFBC}") = "EJERCICIO5", "EJERCICIO5\EJERCICIO5.csproj", "{052FB264-3A92-43DA-8ECD-3F17E74A6971}"
EndProject
Project("{FAE04EC0-301F-11D3-BF4B-00C04F79EFBC}") = "EJERCICIO6", "EJERCICIO6\EJERCICIO6.csproj", "{6E0D51D2-842E-4F65-A903-031A1E833B59}"
EndProject
Project("{FAE04EC0-301F-11D3-BF4B-00C04F79EFBC}") = "EJERCICIO7", "EJERCICIO7\EJERCICIO7.csproj", "{3A819050-57A8-42B3-BE47-822728FDE1EC}"
EndProject
Project("{FAE04EC0-301F-11D3-BF4B-00C04F79EFBC}") = "EJERCICIO8", "EJERCICIO8\EJERCICIO8.csproj", "{9F3A75F0-C060-491D-9447-E8500A3FBC66}"
EndProject
Global
	GlobalSection(SolutionConfigurationPlatforms) = preSolution
		Debug|Any CPU = Debug|Any CPU
		Release|Any CPU = Release|Any CPU
	EndGlobalSection
	GlobalSection(ProjectConfigurationPlatforms) = postSolution
		{FF9DB569-3F29-464C-A6FB-3D4E2E148FB7}.Debug|Any CPU.ActiveCfg = Debug|Any CPU
		{FF9DB569-3F29-464C-A6FB-3D4E2E148FB7}.Debug|Any CPU.Build.0 = Debug|Any CPU
		{FF9DB569-3F29-464C-A6FB-3D4E2E148FB7}.Release|Any CPU.ActiveCfg = Release|Any CPU
		{FF9DB569-3F29-464C-A6FB-3D4E2E148FB7}.Release|Any CPU.Build.0 = Release|Any CPU
		{08E529EC-956C-48AE-857C-B4A0BA86430E}.Debug|Any CPU.ActiveCfg = Debug|Any CPU
		{08E529EC-956C-48AE-857C-B4A0BA86430E}.Debug|Any CPU.Build.0 = Debug|Any CPU
		{08E529EC-956C-48AE-857C-B4A0BA86430E}.Release|Any CPU.ActiveCfg = Release|Any CPU
		{08E529EC-956C-48AE-857C-B4A0BA86430E}.Release|Any CPU.Build.0 = Release|Any CPU
		{398C9538-B421-4011-A997-800E8F317B17}.Debug|Any CPU.ActiveCfg = Debug|Any CPU
		{398C9538-B421-4011-A997-800E8F317B17}.Debug|Any CPU.Build.0 = Debug|Any CPU
		{398C9538-B421-4011-A997-800E8F317B17}.Release|Any CPU.ActiveCfg = Release|Any CPU
		{398C9538-B421-4011-A997-800E8F317B17}.Release|Any CPU.Build.0 = Release|Any CPU
		{21ED44D6-CDA5-4F48-9AE7-E4ABDC96865B}.Debug|Any CPU.ActiveCfg = Debug|Any CPU
		{21ED44D6-CDA5-4F48-9AE7-E4ABDC96865B}.Debug|Any CPU.Build.0 = Debug|Any CPU
		{21ED44D6-CDA5-4F48-9AE7-E4ABDC96865B}.Release|Any CPU.ActiveCfg = Release|Any CPU
		{21ED44D6-CDA5-4F48-9AE7-E4ABDC96865B}.Release|Any CPU.Build.0 = Release|Any CPU
		{052FB264-3A92-43DA-8ECD-3F17E74A6971}.Debug|Any CPU.ActiveCfg = Debug|Any CPU
		{052FB264-3A92-43DA-8ECD-3F17E74A6971}.Debug|Any CPU.Build.0 = Debug|Any CPU
		{052FB264-3A92-43DA-8ECD-3F17E74A6971}.Release|Any CPU.ActiveCfg = Release|Any CPU
		{052FB264-3A92-43DA-8ECD-3F17E74A6971}.Release|Any CPU.Build.0 = Release|Any CPU
		{6E0D51D2-842E-4F65-A903-031A1E833B59}.Debug|Any CPU.ActiveCfg = Debug|Any CPU
		{6E0D51D2-842E-4F65-A903-031A1E833B59}.Debug|Any CPU.Build.0 = Debug|Any CPU
		{6E0D51D2-842E-4F65-A903-031A1E833B59}.Release|Any CPU.ActiveCfg = Release|Any CPU
		{6E0D51D2-842E-4F65-A903-031A1E833B59}.Release|Any CPU.Build.0 = Release|Any CPU
		{3A819050-57A8-42B3-BE47-822728FDE1EC}.Debug|Any CPU.ActiveCfg = Debug|Any CPU
		{3A819050-57A8-42B3-BE47-822728FDE1EC}.Debug|Any CPU.Build.0 = Debug|Any CPU
		{3A819050-57A8-42B3-BE47-822728FDE1EC}.Release|Any CPU.ActiveCfg = Release|Any CPU
		{3A819050-57A8-42B3-BE47-822728FDE1EC}.Release|Any CPU.Build.0 = Release|Any CPU
		{9F3A75F0-C060-491D-9447-E8500A3FBC66}.Debug|Any CPU.ActiveCfg = Debug|Any CPU
		{9F3A75F0-C060-491D-9447-E8500A3FBC66}.Debug|Any CPU.Build.0 = Debug|Any CPU
		{9F3A75F0-C060-491D-9447-E8500A3FBC66}.Release|Any CPU.ActiveCfg = Release|Any CPU
		{9F3A75F0-C060-491D-9447-E8500A3FBC66}.Release|Any CPU.Build.0 = Release|Any CPU
	EndGlobalSection
	GlobalSection(SolutionProperties) = preSolution
		HideSolutionNode = FALSE
	EndGlobalSection
	GlobalSection(ExtensibilityGlobals) = postSolution
		SolutionGuid = {BD032BF9-1B62-4540-8206-CE37E97FA98D}
	EndGlobalSection
EndGlobal
